<Solution>
  <Configurations>
    <BuildType Name="Debug" />
    <BuildType Name="EasyTest" />
    <BuildType Name="Release" />
  </Configurations>
  <Project Path="DataModelDemo/DataModelDemo.Blazor.Server/DataModelDemo.Blazor.Server.csproj" />
  <Project Path="DataModelDemo/DataModelDemo.Module/DataModelDemo.Module.csproj" />
</Solution>
